
Microsoft Visual Studio Solution File, Format Version 12.00
# Visual Studio Version 17
VisualStudioVersion = 17.11.35327.3
MinimumVisualStudioVersion = 10.0.40219.1
Project("{FAE04EC0-301F-11D3-BF4B-00C04F79EFBC}") = "sharanya_mvc", "sharanya_mvc\sharanya_mvc.csproj", "{308A3CF8-14E1-4D85-B729-340010CF9003}"
EndProject
Global
	GlobalSection(SolutionConfigurationPlatforms) = preSolution
		Debug|Any CPU = Debug|Any CPU
		Release|Any CPU = Release|Any CPU
	EndGlobalSection
	GlobalSection(ProjectConfigurationPlatforms) = postSolution
		{308A3CF8-14E1-4D85-B729-340010CF9003}.Debug|Any CPU.ActiveCfg = Debug|Any CPU
		{308A3CF8-14E1-4D85-B729-340010CF9003}.Debug|Any CPU.Build.0 = Debug|Any CPU
		{308A3CF8-14E1-4D85-B729-340010CF9003}.Release|Any CPU.ActiveCfg = Release|Any CPU
		{308A3CF8-14E1-4D85-B729-340010CF9003}.Release|Any CPU.Build.0 = Release|Any CPU
	EndGlobalSection
	GlobalSection(SolutionProperties) = preSolution
		HideSolutionNode = FALSE
	EndGlobalSection
	GlobalSection(ExtensibilityGlobals) = postSolution
		SolutionGuid = {97F1F688-6451-4BF4-8DEC-0BF226A0B0EB}
	EndGlobalSection
EndGlobal
